<Solution>
  <Configurations>
    <Platform Name="x86" />
    <Platform Name="x64" />
  </Configurations>
  <ActiveConfiguration>Debug|x86</ActiveConfiguration>
  <Project Path="WindowsProject1/WindowsProject1.vcxproj" Id="07c323b8-0ad0-4423-be00-d0bc48f3aa1a" />
  <Project Path="TrustZoneDll/TrustZoneDll.vcxproj" Id="07c323b8-0ad0-4423-be00-d0bc48f3aa2b" />
</Solution>
