<?xml version="1.0" encoding="utf-8"?>
<Project ToolsVersion="4.0" xmlns="http://schemas.microsoft.com/developer/msbuild/2003">
  <ItemGroup>
    <Filter Include="源文件">
      <UniqueIdentifier>{4FC737F1-C7A5-4376-A066-2A32D752A2FF}</UniqueIdentifier>
      <Extensions>cpp;c;cc;cxx;c++;cppm;ixx;def;odl;idl;hpj;bat;asm;asmx</Extensions>
    </Filter>
    <Filter Include="头文件">
      <UniqueIdentifier>{93995380-89BD-4b04-88EB-625FBE52EBFB}</UniqueIdentifier>
      <Extensions>h;hh;hpp;hxx;h++;hm;inl;inc;ipp;xsd</Extensions>
    </Filter>
    <Filter Include="资源文件">
      <UniqueIdentifier>{67DA6AB6-F800-4c08-8B7A-83BB121AAD01}</UniqueIdentifier>
      <Extensions>rc;ico;cur;bmp;dlg;rc2;rct;bin;rgs;gif;jpg;jpeg;jpe;resx;tiff;tif;png;wav;mfcribbon-ms</Extensions>
    </Filter>
  </ItemGroup>
  <ItemGroup>
    <ClInclude Include="framework.h">
      <Filter>头文件</Filter>
    </ClInclude>
    <ClInclude Include="HeuristicEngine.h">
      <Filter>头文件</Filter>
    </ClInclude>
    <ClInclude Include="targetver.h">
      <Filter>头文件</Filter>
    </ClInclude>
    <ClInclude Include="Resource.h">
      <Filter>头文件</Filter>
    </ClInclude>
    <ClInclude Include="WindowsProject1.h">
      <Filter>头文件</Filter>
    </ClInclude>
    <ClInclude Include="BaselineCommon.h">
      <Filter>头文件</Filter>
    </ClInclude>
    <ClInclude Include="HistoryDialog.h">
      <Filter>头文件</Filter>
    </ClInclude>
    <ClInclude Include="Logger.h">
      <Filter>头文件</Filter>
    </ClInclude>
    <ClInclude Include="MD5Engine.h">
      <Filter>头文件</Filter>
    </ClInclude>
    <ClInclude Include="ScanHistory.h">
      <Filter>头文件</Filter>
    </ClInclude>
    <ClInclude Include="Settings.h">
      <Filter>头文件</Filter>
    </ClInclude>
    <ClInclude Include="sqlite3.h">
      <Filter>头文件</Filter>
    </ClInclude>
    <ClInclude Include="SignatureEngine.h">
      <Filter>头文件</Filter>
    </ClInclude>
    <ClInclude Include="ScriptAnalyzerEngine.h">
      <Filter>头文件</Filter>
    </ClInclude>
    <ClInclude Include="Quarantine.h">
      <Filter>头文件</Filter>
    </ClInclude>
    <ClInclude Include="QuarantineDialog.h">
      <Filter>头文件</Filter>
    </ClInclude>
    <ClInclude Include="ArchiveScanner.h">
      <Filter>头文件</Filter>
    </ClInclude>
    <ClInclude Include="BaselineEngine.h">
      <Filter>头文件</Filter>
    </ClInclude>
    <ClInclude Include="BaselineDialog.h">
      <Filter>头文件</Filter>
    </ClInclude>
    <ClInclude Include="MD5Hasher.h">
      <Filter>头文件</Filter>
    </ClInclude>
    <ClInclude Include="Scanner.h">
      <Filter>头文件</Filter>
    </ClInclude>
    <ClInclude Include="SoftwareDialog.h">
      <Filter>头文件</Filter>
    </ClInclude>
    <ClInclude Include="SoftwareManager.h">
      <Filter>头文件</Filter>
    </ClInclude>
    <ClInclude Include="FileShredder.h">
      <Filter>头文件</Filter>
    </ClInclude>
    <ClInclude Include="ShredDialog.h">
      <Filter>头文件</Filter>
    </ClInclude>
    <ClInclude Include="StartupDialog.h">
      <Filter>头文件</Filter>
    </ClInclude>
    <ClInclude Include="StartupManager.h">
      <Filter>头文件</Filter>
    </ClInclude>
    <ClInclude Include="FastSearcher.h">
      <Filter>头文件</Filter>
    </ClInclude>
    <ClInclude Include="FastSearchDialog.h">
      <Filter>头文件</Filter>
    </ClInclude>
    <ClInclude Include="ProcDialog.h">
      <Filter>头文件</Filter>
    </ClInclude>
    <ClInclude Include="ProcessManager.h">
      <Filter>头文件</Filter>
    </ClInclude>
    <ClInclude Include="ObjectManager.h">
      <Filter>头文件</Filter>
    </ClInclude>
    <ClInclude Include="ObjDialog.h">
      <Filter>头文件</Filter>
    </ClInclude>
    <ClInclude Include="TrustHelper.h">
      <Filter>头文件</Filter>
    </ClInclude>
    <ClInclude Include="SchedTaskDialog.h">
      <Filter>头文件</Filter>
    </ClInclude>
    <ClInclude Include="EtwDialog.h">
      <Filter>头文件</Filter>
    </ClInclude>
    <ClInclude Include="SystemHealthCheck.h">
      <Filter>头文件</Filter>
    </ClInclude>
    <ClInclude Include="HealthCheckDialog.h">
      <Filter>头文件</Filter>
    </ClInclude>
  </ItemGroup>
  <ItemGroup>
    <ClCompile Include="HeuristicEngine.cpp">
      <Filter>源文件</Filter>
    </ClCompile>
    <ClCompile Include="WindowsProject1.cpp">
      <Filter>源文件</Filter>
    </ClCompile>
    <ClCompile Include="BaselineCommon.cpp">
      <Filter>源文件</Filter>
    </ClCompile>
    <ClCompile Include="HistoryDialog.cpp">
      <Filter>源文件</Filter>
    </ClCompile>
    <ClCompile Include="Logger.cpp">
      <Filter>源文件</Filter>
    </ClCompile>
    <ClCompile Include="MD5Engine.cpp">
      <Filter>源文件</Filter>
    </ClCompile>
    <ClCompile Include="ScanHistory.cpp">
      <Filter>源文件</Filter>
    </ClCompile>
    <ClCompile Include="Settings.cpp">
      <Filter>源文件</Filter>
    </ClCompile>
    <ClCompile Include="sqlite3.c">
      <Filter>源文件</Filter>
    </ClCompile>
    <ClCompile Include="SignatureEngine.cpp">
      <Filter>源文件</Filter>
    </ClCompile>
    <ClCompile Include="ScriptAnalyzerEngine.cpp">
      <Filter>源文件</Filter>
    </ClCompile>
    <ClCompile Include="Quarantine.cpp">
      <Filter>源文件</Filter>
    </ClCompile>
    <ClCompile Include="QuarantineDialog.cpp">
      <Filter>源文件</Filter>
    </ClCompile>
    <ClCompile Include="ArchiveScanner.cpp">
      <Filter>源文件</Filter>
    </ClCompile>
    <ClCompile Include="BaselineEngine.cpp">
      <Filter>源文件</Filter>
    </ClCompile>
    <ClCompile Include="BaselineDialog.cpp">
      <Filter>源文件</Filter>
    </ClCompile>
    <ClCompile Include="MD5Hasher.cpp">
      <Filter>源文件</Filter>
    </ClCompile>
    <ClCompile Include="Scanner.cpp">
      <Filter>源文件</Filter>
    </ClCompile>
    <ClCompile Include="SoftwareDialog.cpp">
      <Filter>源文件</Filter>
    </ClCompile>
    <ClCompile Include="SoftwareManager.cpp">
      <Filter>源文件</Filter>
    </ClCompile>
    <ClCompile Include="FileShredder.cpp">
      <Filter>源文件</Filter>
    </ClCompile>
    <ClCompile Include="ShredDialog.cpp">
      <Filter>源文件</Filter>
    </ClCompile>
    <ClCompile Include="StartupDialog.cpp">
      <Filter>源文件</Filter>
    </ClCompile>
    <ClCompile Include="StartupManager.cpp">
      <Filter>源文件</Filter>
    </ClCompile>
    <ClCompile Include="FastSearcher.cpp">
      <Filter>源文件</Filter>
    </ClCompile>
    <ClCompile Include="FastSearchDialog.cpp">
      <Filter>源文件</Filter>
    </ClCompile>
    <ClCompile Include="ProcDialog.cpp">
      <Filter>源文件</Filter>
    </ClCompile>
    <ClCompile Include="ProcessManager.cpp">
      <Filter>源文件</Filter>
    </ClCompile>
    <ClCompile Include="ObjectManager.cpp">
      <Filter>源文件</Filter>
    </ClCompile>
    <ClCompile Include="ObjDialog.cpp">
      <Filter>源文件</Filter>
    </ClCompile>
    <ClCompile Include="TrustHelper.cpp">
      <Filter>源文件</Filter>
    </ClCompile>
    <ClCompile Include="SchedTaskDialog.cpp">
      <Filter>源文件</Filter>
    </ClCompile>
    <ClCompile Include="EtwDialog.cpp">
      <Filter>源文件</Filter>
    </ClCompile>
    <ClCompile Include="SystemHealthCheck.cpp">
      <Filter>源文件</Filter>
    </ClCompile>
    <ClCompile Include="HealthCheckDialog.cpp">
      <Filter>源文件</Filter>
    </ClCompile>
  </ItemGroup>
  <ItemGroup>
    <ResourceCompile Include="WindowsProject1.rc">
      <Filter>资源文件</Filter>
    </ResourceCompile>
  </ItemGroup>
  <ItemGroup>
    <Image Include="small.ico">
      <Filter>资源文件</Filter>
    </Image>
    <Image Include="WindowsProject1.ico">
      <Filter>资源文件</Filter>
    </Image>
  </ItemGroup>
  <ItemGroup>
    <None Include="data\black.dat" />
    <None Include="data\white.dat" />
  </ItemGroup>
</Project>